
Microsoft Visual Studio Solution File, Format Version 12.00
# Visual Studio 15
VisualStudioVersion = 15.0.28307.106
MinimumVisualStudioVersion = 10.0.40219.1
Project("{FAE04EC0-301F-11D3-BF4B-00C04F79EFBC}") = "BookTest", "BookTest\BookTest.csproj", "{8493D5DE-3E07-47DF-8584-4D6E5F55446D}"
EndProject
Global
	GlobalSection(SolutionConfigurationPlatforms) = preSolution
		Debug|Any CPU = Debug|Any CPU
		Release|Any CPU = Release|Any CPU
	EndGlobalSection
	GlobalSection(ProjectConfigurationPlatforms) = postSolution
		{8493D5DE-3E07-47DF-8584-4D6E5F55446D}.Debug|Any CPU.ActiveCfg = Debug|Any CPU
		{8493D5DE-3E07-47DF-8584-4D6E5F55446D}.Debug|Any CPU.Build.0 = Debug|Any CPU
		{8493D5DE-3E07-47DF-8584-4D6E5F55446D}.Release|Any CPU.ActiveCfg = Release|Any CPU
		{8493D5DE-3E07-47DF-8584-4D6E5F55446D}.Release|Any CPU.Build.0 = Release|Any CPU
	EndGlobalSection
	GlobalSection(SolutionProperties) = preSolution
		HideSolutionNode = FALSE
	EndGlobalSection
	GlobalSection(ExtensibilityGlobals) = postSolution
		SolutionGuid = {C4E81923-B3C6-4BAB-9C5B-E2F032345A54}
	EndGlobalSection
EndGlobal
